
Microsoft Visual Studio Solution File, Format Version 12.00
# Visual Studio Version 17
VisualStudioVersion = 17.4.33122.133
MinimumVisualStudioVersion = 10.0.40219.1
Project("{FAE04EC0-301F-11D3-BF4B-00C04F79EFBC}") = "WindowsFormsApp1", "WindowsFormsApp1\WindowsFormsApp1.csproj", "{F02CE960-9C88-4CAB-A31E-5F44C16DBCCE}"
EndProject
Global
	GlobalSection(SolutionConfigurationPlatforms) = preSolution
		Debug|Any CPU = Debug|Any CPU
		Release|Any CPU = Release|Any CPU
	EndGlobalSection
	GlobalSection(ProjectConfigurationPlatforms) = postSolution
		{F02CE960-9C88-4CAB-A31E-5F44C16DBCCE}.Debug|Any CPU.ActiveCfg = Debug|Any CPU
		{F02CE960-9C88-4CAB-A31E-5F44C16DBCCE}.Debug|Any CPU.Build.0 = Debug|Any CPU
		{F02CE960-9C88-4CAB-A31E-5F44C16DBCCE}.Release|Any CPU.ActiveCfg = Release|Any CPU
		{F02CE960-9C88-4CAB-A31E-5F44C16DBCCE}.Release|Any CPU.Build.0 = Release|Any CPU
	EndGlobalSection
	GlobalSection(SolutionProperties) = preSolution
		HideSolutionNode = FALSE
	EndGlobalSection
	GlobalSection(ExtensibilityGlobals) = postSolution
		SolutionGuid = {AFBB84E9-F07C-45CD-9008-BDC1689A0977}
	EndGlobalSection
EndGlobal
